// !$*UTF8*$!
{
	archiveVersion = 1;
	classes = {
	};
	objectVersion = 46;
	objects = {

/* Begin PBXBuildFile section */
		429C27CC110B75C849FBABA2 /* Pods_Chat.framework in Frameworks */ = {isa = PBXBuildFile; fileRef = AA382F1F88ACDD19C91085FD /* Pods_Chat.framework */; };
		595CA25D1E774B7300A90572 /* AppDelegate.swift in Sources */ = {isa = PBXBuildFile; fileRef = 595CA25C1E774B7300A90572 /* AppDelegate.swift */; };
		595CA25F1E774B7300A90572 /* MainView.swift in Sources */ = {isa = PBXBuildFile; fileRef = 595CA25E1E774B7300A90572 /* MainView.swift */; };
		595CA2621E774B7300A90572 /* Main.storyboard in Resources */ = {isa = PBXBuildFile; fileRef = 595CA2601E774B7300A90572 /* Main.storyboard */; };
		595CA2641E774B7300A90572 /* Assets.xcassets in Resources */ = {isa = PBXBuildFile; fileRef = 595CA2631E774B7300A90572 /* Assets.xcassets */; };
		595CA2671E774B7300A90572 /* LaunchScreen.storyboard in Resources */ = {isa = PBXBuildFile; fileRef = 595CA2651E774B7300A90572 /* LaunchScreen.storyboard */; };
		596A4C951E774F2500912CA6 /* Login.swift in Sources */ = {isa = PBXBuildFile; fileRef = 596A4C941E774F2500912CA6 /* Login.swift */; };
		596A4C971E77614600912CA6 /* GoogleService-Info.plist in Resources */ = {isa = PBXBuildFile; fileRef = 596A4C961E77614600912CA6 /* GoogleService-Info.plist */; };
/* End PBXBuildFile section */

/* Begin PBXFileReference section */
		595CA2591E774B7300A90572 /* Chat.app */ = {isa = PBXFileReference; explicitFileType = wrapper.application; includeInIndex = 0; path = Chat.app; sourceTree = BUILT_PRODUCTS_DIR; };
		595CA25C1E774B7300A90572 /* AppDelegate.swift */ = {isa = PBXFileReference; lastKnownFileType = sourcecode.swift; path = AppDelegate.swift; sourceTree = "<group>"; };
		595CA25E1E774B7300A90572 /* MainView.swift */ = {isa = PBXFileReference; lastKnownFileType = sourcecode.swift; path = MainView.swift; sourceTree = "<group>"; };
		595CA2611E774B7300A90572 /* Base */ = {isa = PBXFileReference; lastKnownFileType = file.storyboard; name = Base; path = Base.lproj/Main.storyboard; sourceTree = "<group>"; };
		595CA2631E774B7300A90572 /* Assets.xcassets */ = {isa = PBXFileReference; lastKnownFileType = folder.assetcatalog; path = Assets.xcassets; sourceTree = "<group>"; };
		595CA2661E774B7300A90572 /* Base */ = {isa = PBXFileReference; lastKnownFileType = file.storyboard; name = Base; path = Base.lproj/LaunchScreen.storyboard; sourceTree = "<group>"; };
		595CA2681E774B7300A90572 /* Info.plist */ = {isa = PBXFileReference; lastKnownFileType = text.plist.xml; path = Info.plist; sourceTree = "<group>"; };
		596A4C941E774F2500912CA6 /* Login.swift */ = {isa = PBXFileReference; fileEncoding = 4; lastKnownFileType = sourcecode.swift; path = Login.swift; sourceTree = "<group>"; };
		596A4C961E77614600912CA6 /* GoogleService-Info.plist */ = {isa = PBXFileReference; fileEncoding = 4; lastKnownFileType = text.plist.xml; name = "GoogleService-Info.plist"; path = "../../../../Downloads/GoogleService-Info.plist"; sourceTree = "<group>"; };
		9BB0A7CDC7360ED77FD7A343 /* Pods-Chat.debug.xcconfig */ = {isa = PBXFileReference; includeInIndex = 1; lastKnownFileType = text.xcconfig; name = "Pods-Chat.debug.xcconfig"; path = "Pods/Target Support Files/Pods-Chat/Pods-Chat.debug.xcconfig"; sourceTree = "<group>"; };
		AA382F1F88ACDD19C91085FD /* Pods_Chat.framework */ = {isa = PBXFileReference; explicitFileType = wrapper.framework; includeInIndex = 0; path = Pods_Chat.framework; sourceTree = BUILT_PRODUCTS_DIR; };
		B331E8664C460D916BE9F034 /* Pods-Chat.release.xcconfig */ = {isa = PBXFileReference; includeInIndex = 1; lastKnownFileType = text.xcconfig; name = "Pods-Chat.release.xcconfig"; path = "Pods/Target Support Files/Pods-Chat/Pods-Chat.release.xcconfig"; sourceTree = "<group>"; };
/* End PBXFileReference section */

/* Begin PBXFrameworksBuildPhase section */
		595CA2561E774B7300A90572 /* Frameworks */ = {
			isa = PBXFrameworksBuildPhase;
			buildActionMask = 2147483647;
			files = (
				429C27CC110B75C849FBABA2 /* Pods_Chat.framework in Frameworks */,
			);
			runOnlyForDeploymentPostprocessing = 0;
		};
/* End PBXFrameworksBuildPhase section */

/* Begin PBXGroup section */
		171BAB924492E08E4492B3A5 /* Frameworks */ = {
			isa = PBXGroup;
			children = (
				AA382F1F88ACDD19C91085FD /* Pods_Chat.framework */,
			);
			name = Frameworks;
			sourceTree = "<group>";
		};
		4ABE41A667FC8F187F55E7E3 /* Pods */ = {
			isa = PBXGroup;
			children = (
				9BB0A7CDC7360ED77FD7A343 /* Pods-Chat.debug.xcconfig */,
				B331E8664C460D916BE9F034 /* Pods-Chat.release.xcconfig */,
			);
			name = Pods;
			sourceTree = "<group>";
		};
		595CA2501E774B7300A90572 = {
			isa = PBXGroup;
			children = (
				595CA25B1E774B7300A90572 /* Chat */,
				595CA25A1E774B7300A90572 /* Products */,
				4ABE41A667FC8F187F55E7E3 /* Pods */,
				171BAB924492E08E4492B3A5 /* Frameworks */,
			);
			sourceTree = "<group>";
		};
		595CA25A1E774B7300A90572 /* Products */ = {
			isa = PBXGroup;
			children = (
				595CA2591E774B7300A90572 /* Chat.app */,
			);
			name = Products;
			sourceTree = "<group>";
		};
		595CA25B1E774B7300A90572 /* Chat */ = {
			isa = PBXGroup;
			children = (
				596A4C931E774F0200912CA6 /* Controller */,
				595CA25C1E774B7300A90572 /* AppDelegate.swift */,
				595CA25E1E774B7300A90572 /* MainView.swift */,
				595CA2601E774B7300A90572 /* Main.storyboard */,
				595CA2631E774B7300A90572 /* Assets.xcassets */,
				595CA2651E774B7300A90572 /* LaunchScreen.storyboard */,
				596A4C961E77614600912CA6 /* GoogleService-Info.plist */,
				595CA2681E774B7300A90572 /* Info.plist */,
			);
			path = Chat;
			sourceTree = "<group>";
		};
		596A4C931E774F0200912CA6 /* Controller */ = {
			isa = PBXGroup;
			children = (
				596A4C941E774F2500912CA6 /* Login.swift */,
			);
			path = Controller;
			sourceTree = "<group>";
		};
/* End PBXGroup section */

/* Begin PBXNativeTarget section */
		595CA2581E774B7300A90572 /* Chat */ = {
			isa = PBXNativeTarget;
			buildConfigurationList = 595CA26B1E774B7300A90572 /* Build configuration list for PBXNativeTarget "Chat" */;
			buildPhases = (
				BA9B757034887E4A4B132B2A /* [CP] Check Pods Manifest.lock */,
				595CA2551E774B7300A90572 /* Sources */,
				595CA2561E774B7300A90572 /* Frameworks */,
				595CA2571E774B7300A90572 /* Resources */,
				8982C490E15BD6C15BC2E547 /* [CP] Embed Pods Frameworks */,
				DC646E62AD173929E7E7E49A /* [CP] Copy Pods Resources */,
			);
			buildRules = (
			);
			dependencies = (
			);
			name = Chat;
			productName = Chat;
			productReference = 595CA2591E774B7300A90572 /* Chat.app */;
			productType = "com.apple.product-type.application";
		};
/* End PBXNativeTarget section */

/* Begin PBXProject section */
		595CA2511E774B7300A90572 /* Project object */ = {
			isa = PBXProject;
			attributes = {
				LastSwiftUpdateCheck = 0820;
				LastUpgradeCheck = 0820;
				ORGANIZATIONNAME = "Eloi Andre Goncalves";
				TargetAttributes = {
					595CA2581E774B7300A90572 = {
						CreatedOnToolsVersion = 8.2.1;
						DevelopmentTeam = HUU6BYRNCF;
						ProvisioningStyle = Automatic;
					};
				};
			};
			buildConfigurationList = 595CA2541E774B7300A90572 /* Build configuration list for PBXProject " " */;
			compatibilityVersion = "Xcode 3.2";
			developmentRegion = English;
			hasScannedForEncodings = 0;
			knownRegions = (
				en,
				Base,
			);
			mainGroup = 595CA2501E774B7300A90572;
			productRefGroup = 595CA25A1E774B7300A90572 /* Products */;
			projectDirPath = "";
			projectRoot = "";
			targets = (
				595CA2581E774B7300A90572 /* Chat */,
			);
		};
/* End PBXProject section */

/* Begin PBXResourcesBuildPhase section */
		595CA2571E774B7300A90572 /* Resources */ = {
			isa = PBXResourcesBuildPhase;
			buildActionMask = 2147483647;
			files = (
				595CA2671E774B7300A90572 /* LaunchScreen.storyboard in Resources */,
				596A4C971E77614600912CA6 /* GoogleService-Info.plist in Resources */,
				595CA2641E774B7300A90572 /* Assets.xcassets in Resources */,
				595CA2621E774B7300A90572 /* Main.storyboard in Resources */,
			);
			runOnlyForDeploymentPostprocessing = 0;
		};
/* End PBXResourcesBuildPhase section */

/* Begin PBXShellScriptBuildPhase section */
		8982C490E15BD6C15BC2E547 /* [CP] Embed Pods Frameworks */ = {
			isa = PBXShellScriptBuildPhase;
			buildActionMask = 2147483647;
			files = (
			);
			inputPaths = (
			);
			name = "[CP] Embed Pods Frameworks";
			outputPaths = (
			);
			runOnlyForDeploymentPostprocessing = 0;
			shellPath = /bin/sh;
			shellScript = "\"${SRCROOT}/Pods/Target Support Files/Pods-Chat/Pods-Chat-frameworks.sh\"\n";
			showEnvVarsInLog = 0;
		};
		BA9B757034887E4A4B132B2A /* [CP] Check Pods Manifest.lock */ = {
			isa = PBXShellScriptBuildPhase;
			buildActionMask = 2147483647;
			files = (
			);
			inputPaths = (
			);
			name = "[CP] Check Pods Manifest.lock";
			outputPaths = (
			);
			runOnlyForDeploymentPostprocessing = 0;
			shellPath = /bin/sh;
			shellScript = "diff \"${PODS_ROOT}/../Podfile.lock\" \"${PODS_ROOT}/Manifest.lock\" > /dev/null\nif [ $? != 0 ] ; then\n    # print error to STDERR\n    echo \"error: The sandbox is not in sync with the Podfile.lock. Run 'pod install' or update your CocoaPods installation.\" >&2\n    exit 1\nfi\n";
			showEnvVarsInLog = 0;
		};
		DC646E62AD173929E7E7E49A /* [CP] Copy Pods Resources */ = {
			isa = PBXShellScriptBuildPhase;
			buildActionMask = 2147483647;
			files = (
			);
			inputPaths = (
			);
			name = "[CP] Copy Pods Resources";
			outputPaths = (
			);
			runOnlyForDeploymentPostprocessing = 0;
			shellPath = /bin/sh;
			shellScript = "\"${SRCROOT}/Pods/Target Support Files/Pods-Chat/Pods-Chat-resources.sh\"\n";
			showEnvVarsInLog = 0;
		};
/* End PBXShellScriptBuildPhase section */

/* Begin PBXSourcesBuildPhase section */
		595CA2551E774B7300A90572 /* Sources */ = {
			isa = PBXSourcesBuildPhase;
			buildActionMask = 2147483647;
			files = (
				596A4C951E774F2500912CA6 /* Login.swift in Sources */,
				595CA25F1E774B7300A90572 /* MainView.swift in Sources */,
				595CA25D1E774B7300A90572 /* AppDelegate.swift in Sources */,
			);
			runOnlyForDeploymentPostprocessing = 0;
		};
/* End PBXSourcesBuildPhase section */

/* Begin PBXVariantGroup section */
		595CA2601E774B7300A90572 /* Main.storyboard */ = {
			isa = PBXVariantGroup;
			children = (
				595CA2611E774B7300A90572 /* Base */,
			);
			name = Main.storyboard;
			sourceTree = "<group>";
		};
		595CA2651E774B7300A90572 /* LaunchScreen.storyboard */ = {
			isa = PBXVariantGroup;
			children = (
				595CA2661E774B7300A90572 /* Base */,
			);
			name = LaunchScreen.storyboard;
			sourceTree = "<group>";
		};
/* End PBXVariantGroup section */

/* Begin XCBuildConfiguration section */
		595CA2691E774B7300A90572 /* Debug */ = {
			isa = XCBuildConfiguration;
			buildSettings = {
				ALWAYS_SEARCH_USER_PATHS = NO;
				CLANG_ANALYZER_NONNULL = YES;
				CLANG_CXX_LANGUAGE_STANDARD = "gnu++0x";
				CLANG_CXX_LIBRARY = "libc++";
				CLANG_ENABLE_MODULES = YES;
				CLANG_ENABLE_OBJC_ARC = YES;
				CLANG_WARN_BOOL_CONVERSION = YES;
				CLANG_WARN_CONSTANT_CONVERSION = YES;
				CLANG_WARN_DIRECT_OBJC_ISA_USAGE = YES_ERROR;
				CLANG_WARN_DOCUMENTATION_COMMENTS = YES;
				CLANG_WARN_EMPTY_BODY = YES;
				CLANG_WARN_ENUM_CONVERSION = YES;
				CLANG_WARN_INFINITE_RECURSION = YES;
				CLANG_WARN_INT_CONVERSION = YES;
				CLANG_WARN_OBJC_ROOT_CLASS = YES_ERROR;
				CLANG_WARN_SUSPICIOUS_MOVE = YES;
				CLANG_WARN_UNREACHABLE_CODE = YES;
				CLANG_WARN__DUPLICATE_METHOD_MATCH = YES;
				"CODE_SIGN_IDENTITY[sdk=iphoneos*]" = "iPhone Developer";
				COPY_PHASE_STRIP = NO;
				DEBUG_INFORMATION_FORMAT = dwarf;
				ENABLE_STRICT_OBJC_MSGSEND = YES;
				ENABLE_TESTABILITY = YES;
				GCC_C_LANGUAGE_STANDARD = gnu99;
				GCC_DYNAMIC_NO_PIC = NO;
				GCC_NO_COMMON_BLOCKS = YES;
				GCC_OPTIMIZATION_LEVEL = 0;
				GCC_PREPROCESSOR_DEFINITIONS = (
					"DEBUG=1",
					"$(inherited)",
				);
				GCC_WARN_64_TO_32_BIT_CONVERSION = YES;
				GCC_WARN_ABOUT_RETURN_TYPE = YES_ERROR;
				GCC_WARN_UNDECLARED_SELECTOR = YES;
				GCC_WARN_UNINITIALIZED_AUTOS = YES_AGGRESSIVE;
				GCC_WARN_UNUSED_FUNCTION = YES;
				GCC_WARN_UNUSED_VARIABLE = YES;
				IPHONEOS_DEPLOYMENT_TARGET = 10.2;
				MTL_ENABLE_DEBUG_INFO = YES;
				ONLY_ACTIVE_ARCH = YES;
				SDKROOT = iphoneos;
				SWIFT_ACTIVE_COMPILATION_CONDITIONS = DEBUG;
				SWIFT_OPTIMIZATION_LEVEL = "-Onone";
				TARGETED_DEVICE_FAMILY = "1,2";
			};
			name = Debug;
		};
		595CA26A1E774B7300A90572 /* Release */ = {
			isa = XCBuildConfiguration;
			buildSettings = {
				ALWAYS_SEARCH_USER_PATHS = NO;
				CLANG_ANALYZER_NONNULL = YES;
				CLANG_CXX_LANGUAGE_STANDARD = "gnu++0x";
				CLANG_CXX_LIBRARY = "libc++";
				CLANG_ENABLE_MODULES = YES;
				CLANG_ENABLE_OBJC_ARC = YES;
				CLANG_WARN_BOOL_CONVERSION = YES;
				CLANG_WARN_CONSTANT_CONVERSION = YES;
				CLANG_WARN_DIRECT_OBJC_ISA_USAGE = YES_ERROR;
				CLANG_WARN_DOCUMENTATION_COMMENTS = YES;
				CLANG_WARN_EMPTY_BODY = YES;
				CLANG_WARN_ENUM_CONVERSION = YES;
				CLANG_WARN_INFINITE_RECURSION = YES;
				CLANG_WARN_INT_CONVERSION = YES;
				CLANG_WARN_OBJC_ROOT_CLASS = YES_ERROR;
				CLANG_WARN_SUSPICIOUS_MOVE = YES;
				CLANG_WARN_UNREACHABLE_CODE = YES;
				CLANG_WARN__DUPLICATE_METHOD_MATCH = YES;
				"CODE_SIGN_IDENTITY[sdk=iphoneos*]" = "iPhone Developer";
				COPY_PHASE_STRIP = NO;
				DEBUG_INFORMATION_FORMAT = "dwarf-with-dsym";
				ENABLE_NS_ASSERTIONS = NO;
				ENABLE_STRICT_OBJC_MSGSEND = YES;
				GCC_C_LANGUAGE_STANDARD = gnu99;
				GCC_NO_COMMON_BLOCKS = YES;
				GCC_WARN_64_TO_32_BIT_CONVERSION = YES;
				GCC_WARN_ABOUT_RETURN_TYPE = YES_ERROR;
				GCC_WARN_UNDECLARED_SELECTOR = YES;
				GCC_WARN_UNINITIALIZED_AUTOS = YES_AGGRESSIVE;
				GCC_WARN_UNUSED_FUNCTION = YES;
				GCC_WARN_UNUSED_VARIABLE = YES;
				IPHONEOS_DEPLOYMENT_TARGET = 10.2;
				MTL_ENABLE_DEBUG_INFO = NO;
				SDKROOT = iphoneos;
				SWIFT_OPTIMIZATION_LEVEL = "-Owholemodule";
				TARGETED_DEVICE_FAMILY = "1,2";
				VALIDATE_PRODUCT = YES;
			};
			name = Release;
		};
		595CA26C1E774B7300A90572 /* Debug */ = {
			isa = XCBuildConfiguration;
			baseConfigurationReference = 9BB0A7CDC7360ED77FD7A343 /* Pods-Chat.debug.xcconfig */;
			buildSettings = {
				ASSETCATALOG_COMPILER_APPICON_NAME = AppIcon;
				DEVELOPMENT_TEAM = HUU6BYRNCF;
				INFOPLIST_FILE = Chat/Info.plist;
				LD_RUNPATH_SEARCH_PATHS = "$(inherited) @executable_path/Frameworks";
				PRODUCT_BUNDLE_IDENTIFIER = com.eloispy.Chat;
				PRODUCT_NAME = "$(TARGET_NAME)";
				SWIFT_VERSION = 3.0;
			};
			name = Debug;
		};
		595CA26D1E774B7300A90572 /* Release */ = {
			isa = XCBuildConfiguration;
			baseConfigurationReference = B331E8664C460D916BE9F034 /* Pods-Chat.release.xcconfig */;
			buildSettings = {
				ASSETCATALOG_COMPILER_APPICON_NAME = AppIcon;
				DEVELOPMENT_TEAM = HUU6BYRNCF;
				INFOPLIST_FILE = Chat/Info.plist;
				LD_RUNPATH_SEARCH_PATHS = "$(inherited) @executable_path/Frameworks";
				PRODUCT_BUNDLE_IDENTIFIER = com.eloispy.Chat;
				PRODUCT_NAME = "$(TARGET_NAME)";
				SWIFT_VERSION = 3.0;
			};
			name = Release;
		};
/* End XCBuildConfiguration section */

/* Begin XCConfigurationList section */
		595CA2541E774B7300A90572 /* Build configuration list for PBXProject " " */ = {
			isa = XCConfigurationList;
			buildConfigurations = (
				595CA2691E774B7300A90572 /* Debug */,
				595CA26A1E774B7300A90572 /* Release */,
			);
			defaultConfigurationIsVisible = 0;
			defaultConfigurationName = Release;
		};
		595CA26B1E774B7300A90572 /* Build configuration list for PBXNativeTarget "Chat" */ = {
			isa = XCConfigurationList;
			buildConfigurations = (
				595CA26C1E774B7300A90572 /* Debug */,
				595CA26D1E774B7300A90572 /* Release */,
			);
			defaultConfigurationIsVisible = 0;
			defaultConfigurationName = Release;
		};
/* End XCConfigurationList section */
	};
	rootObject = 595CA2511E774B7300A90572 /* Project object */;
}
